
Microsoft Visual Studio Solution File, Format Version 12.00
Project("{FAE04EC0-301F-11D3-BF4B-00C04F79EFBC}") = "InfiniteCheckboxes", "InfiniteCheckboxes\InfiniteCheckboxes.csproj", "{EE35FEDD-3C80-4667-A4DD-E4802A0BC166}"
EndProject
Project("{2150E333-8FDC-42A3-9474-1A3956D46DE8}") = "UI", "UI", "{26103E2C-5D8A-4D1B-BEF9-D4EB858703D5}"
EndProject
Project("{2150E333-8FDC-42A3-9474-1A3956D46DE8}") = "_Documentation", "_Documentation", "{8E6D2A34-BA8C-46A6-9DF3-E328FA4F8AE8}"
	ProjectSection(SolutionItems) = preProject
		README.md = README.md
	EndProjectSection
EndProject
Project("{2150E333-8FDC-42A3-9474-1A3956D46DE8}") = "Orleans", "Orleans", "{78B0FE68-D5C2-4B42-907B-78BAB72A22F0}"
EndProject
Project("{FAE04EC0-301F-11D3-BF4B-00C04F79EFBC}") = "SiloHost", "SiloHost\SiloHost.csproj", "{407564C0-5C0A-4A23-9A29-254D46B465CA}"
EndProject
Project("{FAE04EC0-301F-11D3-BF4B-00C04F79EFBC}") = "GrainInterfaces", "GrainInterfaces\GrainInterfaces.csproj", "{E0B49235-5954-41AB-9690-749EEAE6AC55}"
EndProject
Project("{FAE04EC0-301F-11D3-BF4B-00C04F79EFBC}") = "CheckboxGrain", "CheckboxGrain\CheckboxGrain.csproj", "{A6F5C5FD-F52E-4AF1-97AA-BEDE3C71C50A}"
EndProject
Project("{FAE04EC0-301F-11D3-BF4B-00C04F79EFBC}") = "CheckboxHubv1", "CheckboxHubv1\CheckboxHubv1.csproj", "{559D3578-9024-43C5-8CFC-8BAF91F4A4C9}"
EndProject
Project("{2150E333-8FDC-42A3-9474-1A3956D46DE8}") = "Shared", "Shared", "{BCED2B41-B20F-48B6-A6DC-1AA7569037A1}"
EndProject
Project("{FAE04EC0-301F-11D3-BF4B-00C04F79EFBC}") = "Two56BitId", "Two56BitId\Two56BitId.csproj", "{E6DA2D88-D15C-476A-804F-A4664944ECB7}"
EndProject
Project("{FAE04EC0-301F-11D3-BF4B-00C04F79EFBC}") = "RedisMessages", "RedisMessages\RedisMessages.csproj", "{673E6079-41D0-4FC6-B186-CF3007BBA932}"
EndProject
Project("{2150E333-8FDC-42A3-9474-1A3956D46DE8}") = "Tests", "Tests", "{E300005D-4F07-4CB6-B566-9B34AFFA4867}"
EndProject
Project("{FAE04EC0-301F-11D3-BF4B-00C04F79EFBC}") = "StressTester", "StressTester\StressTester.csproj", "{48DE0B14-7241-4A5A-BCDD-3B21FA979253}"
EndProject
Project("{FAE04EC0-301F-11D3-BF4B-00C04F79EFBC}") = "WarGrain", "WarGrain\WarGrain.csproj", "{A621F19B-827C-421A-8EE5-739C932F79BC}"
EndProject
Project("{FAE04EC0-301F-11D3-BF4B-00C04F79EFBC}") = "WarHubv1", "WarHubv1\WarHubv1.csproj", "{FDA24611-BC4A-4BE3-B8BD-270760C6D57C}"
EndProject
Project("{2150E333-8FDC-42A3-9474-1A3956D46DE8}") = "Hubs", "Hubs", "{8C9BB4F8-28FE-4198-B18B-C2EBE9C21C92}"
EndProject
Project("{FAE04EC0-301F-11D3-BF4B-00C04F79EFBC}") = "ValueDebouncer", "ValueDebouncer\ValueDebouncer.csproj", "{0FAF1878-7DCB-4919-BAA9-DBF69AE53924}"
EndProject
Project("{2150E333-8FDC-42A3-9474-1A3956D46DE8}") = "Grains", "Grains", "{498EAFFC-4BF9-4BB7-A9C7-E0A3E333EB00}"
EndProject
Project("{FAE04EC0-301F-11D3-BF4B-00C04F79EFBC}") = "StatisticsGrain", "StatisticsGrain\StatisticsGrain.csproj", "{8DE3843C-F216-4C92-B9F3-D3BAED1C6517}"
EndProject
Project("{FAE04EC0-301F-11D3-BF4B-00C04F79EFBC}") = "APIKeyAuthentication", "APIKeyAuthentication\APIKeyAuthentication.csproj", "{86D251E5-91FC-4598-A7AB-5743D609AC1F}"
EndProject
Project("{FAE04EC0-301F-11D3-BF4B-00C04F79EFBC}") = "GoldDiggerGrain", "GoldDiggerGrain\GoldDiggerGrain.csproj", "{9B198BD1-F30B-457B-83CC-ADEAAB145CAD}"
EndProject
Project("{FAE04EC0-301F-11D3-BF4B-00C04F79EFBC}") = "RngWithSecret", "RngWithSecret\RngWithSecret.csproj", "{4AA2883E-6159-47C8-B790-60741498D455}"
EndProject
Project("{FAE04EC0-301F-11D3-BF4B-00C04F79EFBC}") = "UserGrain", "UserGrain\UserGrain.csproj", "{181D6734-5EFF-4D91-B956-4043CF4DA425}"
EndProject
Project("{2150E333-8FDC-42A3-9474-1A3956D46DE8}") = "API", "API", "{91CCFAA2-BE87-4FB8-9903-CC6295A1A8C0}"
EndProject
Project("{FAE04EC0-301F-11D3-BF4B-00C04F79EFBC}") = "UserAPIv1", "UserAPIv1\UserAPIv1.csproj", "{34A5EB3F-97A8-4B35-996D-A8E7CFE26082}"
EndProject
Project("{FAE04EC0-301F-11D3-BF4B-00C04F79EFBC}") = "HighscoreGrain", "HighscoreGrain\HighscoreGrain.csproj", "{796456C8-51F7-4A28-A281-EC4CED1D553A}"
EndProject
Project("{FAE04EC0-301F-11D3-BF4B-00C04F79EFBC}") = "HighscoreAPIv1", "HighscoreAPIv1\HighscoreAPIv1.csproj", "{10D251C4-0360-4FDB-A90D-97E7DBF5E73B}"
EndProject
Project("{FAE04EC0-301F-11D3-BF4B-00C04F79EFBC}") = "BitCoding", "BitCoding\BitCoding.csproj", "{98EAA954-6DA7-438D-9366-924B6C3310E2}"
EndProject
Global
	GlobalSection(SolutionConfigurationPlatforms) = preSolution
		Debug|Any CPU = Debug|Any CPU
		Release|Any CPU = Release|Any CPU
	EndGlobalSection
	GlobalSection(ProjectConfigurationPlatforms) = postSolution
		{EE35FEDD-3C80-4667-A4DD-E4802A0BC166}.Debug|Any CPU.ActiveCfg = Debug|Any CPU
		{EE35FEDD-3C80-4667-A4DD-E4802A0BC166}.Debug|Any CPU.Build.0 = Debug|Any CPU
		{EE35FEDD-3C80-4667-A4DD-E4802A0BC166}.Release|Any CPU.ActiveCfg = Release|Any CPU
		{EE35FEDD-3C80-4667-A4DD-E4802A0BC166}.Release|Any CPU.Build.0 = Release|Any CPU
		{407564C0-5C0A-4A23-9A29-254D46B465CA}.Debug|Any CPU.ActiveCfg = Debug|Any CPU
		{407564C0-5C0A-4A23-9A29-254D46B465CA}.Debug|Any CPU.Build.0 = Debug|Any CPU
		{407564C0-5C0A-4A23-9A29-254D46B465CA}.Release|Any CPU.ActiveCfg = Release|Any CPU
		{407564C0-5C0A-4A23-9A29-254D46B465CA}.Release|Any CPU.Build.0 = Release|Any CPU
		{E0B49235-5954-41AB-9690-749EEAE6AC55}.Debug|Any CPU.ActiveCfg = Debug|Any CPU
		{E0B49235-5954-41AB-9690-749EEAE6AC55}.Debug|Any CPU.Build.0 = Debug|Any CPU
		{E0B49235-5954-41AB-9690-749EEAE6AC55}.Release|Any CPU.ActiveCfg = Release|Any CPU
		{E0B49235-5954-41AB-9690-749EEAE6AC55}.Release|Any CPU.Build.0 = Release|Any CPU
		{A6F5C5FD-F52E-4AF1-97AA-BEDE3C71C50A}.Debug|Any CPU.ActiveCfg = Debug|Any CPU
		{A6F5C5FD-F52E-4AF1-97AA-BEDE3C71C50A}.Debug|Any CPU.Build.0 = Debug|Any CPU
		{A6F5C5FD-F52E-4AF1-97AA-BEDE3C71C50A}.Release|Any CPU.ActiveCfg = Release|Any CPU
		{A6F5C5FD-F52E-4AF1-97AA-BEDE3C71C50A}.Release|Any CPU.Build.0 = Release|Any CPU
		{559D3578-9024-43C5-8CFC-8BAF91F4A4C9}.Debug|Any CPU.ActiveCfg = Debug|Any CPU
		{559D3578-9024-43C5-8CFC-8BAF91F4A4C9}.Debug|Any CPU.Build.0 = Debug|Any CPU
		{559D3578-9024-43C5-8CFC-8BAF91F4A4C9}.Release|Any CPU.ActiveCfg = Release|Any CPU
		{559D3578-9024-43C5-8CFC-8BAF91F4A4C9}.Release|Any CPU.Build.0 = Release|Any CPU
		{E6DA2D88-D15C-476A-804F-A4664944ECB7}.Debug|Any CPU.ActiveCfg = Debug|Any CPU
		{E6DA2D88-D15C-476A-804F-A4664944ECB7}.Debug|Any CPU.Build.0 = Debug|Any CPU
		{E6DA2D88-D15C-476A-804F-A4664944ECB7}.Release|Any CPU.ActiveCfg = Release|Any CPU
		{E6DA2D88-D15C-476A-804F-A4664944ECB7}.Release|Any CPU.Build.0 = Release|Any CPU
		{673E6079-41D0-4FC6-B186-CF3007BBA932}.Debug|Any CPU.ActiveCfg = Debug|Any CPU
		{673E6079-41D0-4FC6-B186-CF3007BBA932}.Debug|Any CPU.Build.0 = Debug|Any CPU
		{673E6079-41D0-4FC6-B186-CF3007BBA932}.Release|Any CPU.ActiveCfg = Release|Any CPU
		{673E6079-41D0-4FC6-B186-CF3007BBA932}.Release|Any CPU.Build.0 = Release|Any CPU
		{48DE0B14-7241-4A5A-BCDD-3B21FA979253}.Debug|Any CPU.ActiveCfg = Debug|Any CPU
		{48DE0B14-7241-4A5A-BCDD-3B21FA979253}.Debug|Any CPU.Build.0 = Debug|Any CPU
		{48DE0B14-7241-4A5A-BCDD-3B21FA979253}.Release|Any CPU.ActiveCfg = Release|Any CPU
		{48DE0B14-7241-4A5A-BCDD-3B21FA979253}.Release|Any CPU.Build.0 = Release|Any CPU
		{A621F19B-827C-421A-8EE5-739C932F79BC}.Debug|Any CPU.ActiveCfg = Debug|Any CPU
		{A621F19B-827C-421A-8EE5-739C932F79BC}.Debug|Any CPU.Build.0 = Debug|Any CPU
		{A621F19B-827C-421A-8EE5-739C932F79BC}.Release|Any CPU.ActiveCfg = Release|Any CPU
		{A621F19B-827C-421A-8EE5-739C932F79BC}.Release|Any CPU.Build.0 = Release|Any CPU
		{FDA24611-BC4A-4BE3-B8BD-270760C6D57C}.Debug|Any CPU.ActiveCfg = Debug|Any CPU
		{FDA24611-BC4A-4BE3-B8BD-270760C6D57C}.Debug|Any CPU.Build.0 = Debug|Any CPU
		{FDA24611-BC4A-4BE3-B8BD-270760C6D57C}.Release|Any CPU.ActiveCfg = Release|Any CPU
		{FDA24611-BC4A-4BE3-B8BD-270760C6D57C}.Release|Any CPU.Build.0 = Release|Any CPU
		{0FAF1878-7DCB-4919-BAA9-DBF69AE53924}.Debug|Any CPU.ActiveCfg = Debug|Any CPU
		{0FAF1878-7DCB-4919-BAA9-DBF69AE53924}.Debug|Any CPU.Build.0 = Debug|Any CPU
		{0FAF1878-7DCB-4919-BAA9-DBF69AE53924}.Release|Any CPU.ActiveCfg = Release|Any CPU
		{0FAF1878-7DCB-4919-BAA9-DBF69AE53924}.Release|Any CPU.Build.0 = Release|Any CPU
		{8DE3843C-F216-4C92-B9F3-D3BAED1C6517}.Debug|Any CPU.ActiveCfg = Debug|Any CPU
		{8DE3843C-F216-4C92-B9F3-D3BAED1C6517}.Debug|Any CPU.Build.0 = Debug|Any CPU
		{8DE3843C-F216-4C92-B9F3-D3BAED1C6517}.Release|Any CPU.ActiveCfg = Release|Any CPU
		{8DE3843C-F216-4C92-B9F3-D3BAED1C6517}.Release|Any CPU.Build.0 = Release|Any CPU
		{86D251E5-91FC-4598-A7AB-5743D609AC1F}.Debug|Any CPU.ActiveCfg = Debug|Any CPU
		{86D251E5-91FC-4598-A7AB-5743D609AC1F}.Debug|Any CPU.Build.0 = Debug|Any CPU
		{86D251E5-91FC-4598-A7AB-5743D609AC1F}.Release|Any CPU.ActiveCfg = Release|Any CPU
		{86D251E5-91FC-4598-A7AB-5743D609AC1F}.Release|Any CPU.Build.0 = Release|Any CPU
		{9B198BD1-F30B-457B-83CC-ADEAAB145CAD}.Debug|Any CPU.ActiveCfg = Debug|Any CPU
		{9B198BD1-F30B-457B-83CC-ADEAAB145CAD}.Debug|Any CPU.Build.0 = Debug|Any CPU
		{9B198BD1-F30B-457B-83CC-ADEAAB145CAD}.Release|Any CPU.ActiveCfg = Release|Any CPU
		{9B198BD1-F30B-457B-83CC-ADEAAB145CAD}.Release|Any CPU.Build.0 = Release|Any CPU
		{4AA2883E-6159-47C8-B790-60741498D455}.Debug|Any CPU.ActiveCfg = Debug|Any CPU
		{4AA2883E-6159-47C8-B790-60741498D455}.Debug|Any CPU.Build.0 = Debug|Any CPU
		{4AA2883E-6159-47C8-B790-60741498D455}.Release|Any CPU.ActiveCfg = Release|Any CPU
		{4AA2883E-6159-47C8-B790-60741498D455}.Release|Any CPU.Build.0 = Release|Any CPU
		{181D6734-5EFF-4D91-B956-4043CF4DA425}.Debug|Any CPU.ActiveCfg = Debug|Any CPU
		{181D6734-5EFF-4D91-B956-4043CF4DA425}.Debug|Any CPU.Build.0 = Debug|Any CPU
		{181D6734-5EFF-4D91-B956-4043CF4DA425}.Release|Any CPU.ActiveCfg = Release|Any CPU
		{181D6734-5EFF-4D91-B956-4043CF4DA425}.Release|Any CPU.Build.0 = Release|Any CPU
		{34A5EB3F-97A8-4B35-996D-A8E7CFE26082}.Debug|Any CPU.ActiveCfg = Debug|Any CPU
		{34A5EB3F-97A8-4B35-996D-A8E7CFE26082}.Debug|Any CPU.Build.0 = Debug|Any CPU
		{34A5EB3F-97A8-4B35-996D-A8E7CFE26082}.Release|Any CPU.ActiveCfg = Release|Any CPU
		{34A5EB3F-97A8-4B35-996D-A8E7CFE26082}.Release|Any CPU.Build.0 = Release|Any CPU
		{796456C8-51F7-4A28-A281-EC4CED1D553A}.Debug|Any CPU.ActiveCfg = Debug|Any CPU
		{796456C8-51F7-4A28-A281-EC4CED1D553A}.Debug|Any CPU.Build.0 = Debug|Any CPU
		{796456C8-51F7-4A28-A281-EC4CED1D553A}.Release|Any CPU.ActiveCfg = Release|Any CPU
		{796456C8-51F7-4A28-A281-EC4CED1D553A}.Release|Any CPU.Build.0 = Release|Any CPU
		{10D251C4-0360-4FDB-A90D-97E7DBF5E73B}.Debug|Any CPU.ActiveCfg = Debug|Any CPU
		{10D251C4-0360-4FDB-A90D-97E7DBF5E73B}.Debug|Any CPU.Build.0 = Debug|Any CPU
		{10D251C4-0360-4FDB-A90D-97E7DBF5E73B}.Release|Any CPU.ActiveCfg = Release|Any CPU
		{10D251C4-0360-4FDB-A90D-97E7DBF5E73B}.Release|Any CPU.Build.0 = Release|Any CPU
		{98EAA954-6DA7-438D-9366-924B6C3310E2}.Debug|Any CPU.ActiveCfg = Debug|Any CPU
		{98EAA954-6DA7-438D-9366-924B6C3310E2}.Debug|Any CPU.Build.0 = Debug|Any CPU
		{98EAA954-6DA7-438D-9366-924B6C3310E2}.Release|Any CPU.ActiveCfg = Release|Any CPU
		{98EAA954-6DA7-438D-9366-924B6C3310E2}.Release|Any CPU.Build.0 = Release|Any CPU
	EndGlobalSection
	GlobalSection(NestedProjects) = preSolution
		{EE35FEDD-3C80-4667-A4DD-E4802A0BC166} = {26103E2C-5D8A-4D1B-BEF9-D4EB858703D5}
		{407564C0-5C0A-4A23-9A29-254D46B465CA} = {78B0FE68-D5C2-4B42-907B-78BAB72A22F0}
		{E0B49235-5954-41AB-9690-749EEAE6AC55} = {78B0FE68-D5C2-4B42-907B-78BAB72A22F0}
		{E6DA2D88-D15C-476A-804F-A4664944ECB7} = {BCED2B41-B20F-48B6-A6DC-1AA7569037A1}
		{673E6079-41D0-4FC6-B186-CF3007BBA932} = {BCED2B41-B20F-48B6-A6DC-1AA7569037A1}
		{48DE0B14-7241-4A5A-BCDD-3B21FA979253} = {E300005D-4F07-4CB6-B566-9B34AFFA4867}
		{8C9BB4F8-28FE-4198-B18B-C2EBE9C21C92} = {26103E2C-5D8A-4D1B-BEF9-D4EB858703D5}
		{559D3578-9024-43C5-8CFC-8BAF91F4A4C9} = {8C9BB4F8-28FE-4198-B18B-C2EBE9C21C92}
		{FDA24611-BC4A-4BE3-B8BD-270760C6D57C} = {8C9BB4F8-28FE-4198-B18B-C2EBE9C21C92}
		{0FAF1878-7DCB-4919-BAA9-DBF69AE53924} = {BCED2B41-B20F-48B6-A6DC-1AA7569037A1}
		{498EAFFC-4BF9-4BB7-A9C7-E0A3E333EB00} = {78B0FE68-D5C2-4B42-907B-78BAB72A22F0}
		{A6F5C5FD-F52E-4AF1-97AA-BEDE3C71C50A} = {498EAFFC-4BF9-4BB7-A9C7-E0A3E333EB00}
		{A621F19B-827C-421A-8EE5-739C932F79BC} = {498EAFFC-4BF9-4BB7-A9C7-E0A3E333EB00}
		{8DE3843C-F216-4C92-B9F3-D3BAED1C6517} = {498EAFFC-4BF9-4BB7-A9C7-E0A3E333EB00}
		{86D251E5-91FC-4598-A7AB-5743D609AC1F} = {26103E2C-5D8A-4D1B-BEF9-D4EB858703D5}
		{9B198BD1-F30B-457B-83CC-ADEAAB145CAD} = {498EAFFC-4BF9-4BB7-A9C7-E0A3E333EB00}
		{4AA2883E-6159-47C8-B790-60741498D455} = {BCED2B41-B20F-48B6-A6DC-1AA7569037A1}
		{181D6734-5EFF-4D91-B956-4043CF4DA425} = {498EAFFC-4BF9-4BB7-A9C7-E0A3E333EB00}
		{91CCFAA2-BE87-4FB8-9903-CC6295A1A8C0} = {26103E2C-5D8A-4D1B-BEF9-D4EB858703D5}
		{34A5EB3F-97A8-4B35-996D-A8E7CFE26082} = {91CCFAA2-BE87-4FB8-9903-CC6295A1A8C0}
		{796456C8-51F7-4A28-A281-EC4CED1D553A} = {498EAFFC-4BF9-4BB7-A9C7-E0A3E333EB00}
		{10D251C4-0360-4FDB-A90D-97E7DBF5E73B} = {91CCFAA2-BE87-4FB8-9903-CC6295A1A8C0}
		{98EAA954-6DA7-438D-9366-924B6C3310E2} = {BCED2B41-B20F-48B6-A6DC-1AA7569037A1}
	EndGlobalSection
EndGlobal
