
Microsoft Visual Studio Solution File, Format Version 12.00
Project("{FAE04EC0-301F-11D3-BF4B-00C04F79EFBC}") = "InfiniteCheckboxes", "InfiniteCheckboxes\InfiniteCheckboxes.csproj", "{EE35FEDD-3C80-4667-A4DD-E4802A0BC166}"
EndProject
Project("{2150E333-8FDC-42A3-9474-1A3956D46DE8}") = "UI", "UI", "{26103E2C-5D8A-4D1B-BEF9-D4EB858703D5}"
EndProject
Project("{FAE04EC0-301F-11D3-BF4B-00C04F79EFBC}") = "CheckBoxApiv1", "CheckBoxApiv1\CheckBoxApiv1.csproj", "{365D2265-6BB7-4A40-9464-DCB36708D9B3}"
EndProject
Global
	GlobalSection(SolutionConfigurationPlatforms) = preSolution
		Debug|Any CPU = Debug|Any CPU
		Release|Any CPU = Release|Any CPU
	EndGlobalSection
	GlobalSection(ProjectConfigurationPlatforms) = postSolution
		{EE35FEDD-3C80-4667-A4DD-E4802A0BC166}.Debug|Any CPU.ActiveCfg = Debug|Any CPU
		{EE35FEDD-3C80-4667-A4DD-E4802A0BC166}.Debug|Any CPU.Build.0 = Debug|Any CPU
		{EE35FEDD-3C80-4667-A4DD-E4802A0BC166}.Release|Any CPU.ActiveCfg = Release|Any CPU
		{EE35FEDD-3C80-4667-A4DD-E4802A0BC166}.Release|Any CPU.Build.0 = Release|Any CPU
		{365D2265-6BB7-4A40-9464-DCB36708D9B3}.Debug|Any CPU.ActiveCfg = Debug|Any CPU
		{365D2265-6BB7-4A40-9464-DCB36708D9B3}.Debug|Any CPU.Build.0 = Debug|Any CPU
		{365D2265-6BB7-4A40-9464-DCB36708D9B3}.Release|Any CPU.ActiveCfg = Release|Any CPU
		{365D2265-6BB7-4A40-9464-DCB36708D9B3}.Release|Any CPU.Build.0 = Release|Any CPU
	EndGlobalSection
	GlobalSection(NestedProjects) = preSolution
		{EE35FEDD-3C80-4667-A4DD-E4802A0BC166} = {26103E2C-5D8A-4D1B-BEF9-D4EB858703D5}
		{365D2265-6BB7-4A40-9464-DCB36708D9B3} = {26103E2C-5D8A-4D1B-BEF9-D4EB858703D5}
	EndGlobalSection
EndGlobal
