
Microsoft Visual Studio Solution File, Format Version 12.00
Project("{FAE04EC0-301F-11D3-BF4B-00C04F79EFBC}") = "InfiniteCheckboxes", "InfiniteCheckboxes\InfiniteCheckboxes.csproj", "{EE35FEDD-3C80-4667-A4DD-E4802A0BC166}"
EndProject
Project("{2150E333-8FDC-42A3-9474-1A3956D46DE8}") = "UI", "UI", "{26103E2C-5D8A-4D1B-BEF9-D4EB858703D5}"
EndProject
Project("{2150E333-8FDC-42A3-9474-1A3956D46DE8}") = "_Documentation", "_Documentation", "{8E6D2A34-BA8C-46A6-9DF3-E328FA4F8AE8}"
	ProjectSection(SolutionItems) = preProject
		README.md = README.md
	EndProjectSection
EndProject
Project("{2150E333-8FDC-42A3-9474-1A3956D46DE8}") = "Orleans", "Orleans", "{78B0FE68-D5C2-4B42-907B-78BAB72A22F0}"
EndProject
Project("{FAE04EC0-301F-11D3-BF4B-00C04F79EFBC}") = "SiloHost", "SiloHost\SiloHost.csproj", "{407564C0-5C0A-4A23-9A29-254D46B465CA}"
EndProject
Project("{FAE04EC0-301F-11D3-BF4B-00C04F79EFBC}") = "GrainInterfaces", "GrainInterfaces\GrainInterfaces.csproj", "{E0B49235-5954-41AB-9690-749EEAE6AC55}"
EndProject
Project("{FAE04EC0-301F-11D3-BF4B-00C04F79EFBC}") = "CheckboxGrain", "CheckboxGrain\CheckboxGrain.csproj", "{A6F5C5FD-F52E-4AF1-97AA-BEDE3C71C50A}"
EndProject
Project("{FAE04EC0-301F-11D3-BF4B-00C04F79EFBC}") = "CheckboxHubv1", "CheckboxHubv1\CheckboxHubv1.csproj", "{559D3578-9024-43C5-8CFC-8BAF91F4A4C9}"
EndProject
Project("{2150E333-8FDC-42A3-9474-1A3956D46DE8}") = "Shared", "Shared", "{BCED2B41-B20F-48B6-A6DC-1AA7569037A1}"
EndProject
Project("{FAE04EC0-301F-11D3-BF4B-00C04F79EFBC}") = "Two56BitId", "Two56BitId\Two56BitId.csproj", "{E6DA2D88-D15C-476A-804F-A4664944ECB7}"
EndProject
Global
	GlobalSection(SolutionConfigurationPlatforms) = preSolution
		Debug|Any CPU = Debug|Any CPU
		Release|Any CPU = Release|Any CPU
	EndGlobalSection
	GlobalSection(ProjectConfigurationPlatforms) = postSolution
		{EE35FEDD-3C80-4667-A4DD-E4802A0BC166}.Debug|Any CPU.ActiveCfg = Debug|Any CPU
		{EE35FEDD-3C80-4667-A4DD-E4802A0BC166}.Debug|Any CPU.Build.0 = Debug|Any CPU
		{EE35FEDD-3C80-4667-A4DD-E4802A0BC166}.Release|Any CPU.ActiveCfg = Release|Any CPU
		{EE35FEDD-3C80-4667-A4DD-E4802A0BC166}.Release|Any CPU.Build.0 = Release|Any CPU
		{407564C0-5C0A-4A23-9A29-254D46B465CA}.Debug|Any CPU.ActiveCfg = Debug|Any CPU
		{407564C0-5C0A-4A23-9A29-254D46B465CA}.Debug|Any CPU.Build.0 = Debug|Any CPU
		{407564C0-5C0A-4A23-9A29-254D46B465CA}.Release|Any CPU.ActiveCfg = Release|Any CPU
		{407564C0-5C0A-4A23-9A29-254D46B465CA}.Release|Any CPU.Build.0 = Release|Any CPU
		{E0B49235-5954-41AB-9690-749EEAE6AC55}.Debug|Any CPU.ActiveCfg = Debug|Any CPU
		{E0B49235-5954-41AB-9690-749EEAE6AC55}.Debug|Any CPU.Build.0 = Debug|Any CPU
		{E0B49235-5954-41AB-9690-749EEAE6AC55}.Release|Any CPU.ActiveCfg = Release|Any CPU
		{E0B49235-5954-41AB-9690-749EEAE6AC55}.Release|Any CPU.Build.0 = Release|Any CPU
		{A6F5C5FD-F52E-4AF1-97AA-BEDE3C71C50A}.Debug|Any CPU.ActiveCfg = Debug|Any CPU
		{A6F5C5FD-F52E-4AF1-97AA-BEDE3C71C50A}.Debug|Any CPU.Build.0 = Debug|Any CPU
		{A6F5C5FD-F52E-4AF1-97AA-BEDE3C71C50A}.Release|Any CPU.ActiveCfg = Release|Any CPU
		{A6F5C5FD-F52E-4AF1-97AA-BEDE3C71C50A}.Release|Any CPU.Build.0 = Release|Any CPU
		{559D3578-9024-43C5-8CFC-8BAF91F4A4C9}.Debug|Any CPU.ActiveCfg = Debug|Any CPU
		{559D3578-9024-43C5-8CFC-8BAF91F4A4C9}.Debug|Any CPU.Build.0 = Debug|Any CPU
		{559D3578-9024-43C5-8CFC-8BAF91F4A4C9}.Release|Any CPU.ActiveCfg = Release|Any CPU
		{559D3578-9024-43C5-8CFC-8BAF91F4A4C9}.Release|Any CPU.Build.0 = Release|Any CPU
		{E6DA2D88-D15C-476A-804F-A4664944ECB7}.Debug|Any CPU.ActiveCfg = Debug|Any CPU
		{E6DA2D88-D15C-476A-804F-A4664944ECB7}.Debug|Any CPU.Build.0 = Debug|Any CPU
		{E6DA2D88-D15C-476A-804F-A4664944ECB7}.Release|Any CPU.ActiveCfg = Release|Any CPU
		{E6DA2D88-D15C-476A-804F-A4664944ECB7}.Release|Any CPU.Build.0 = Release|Any CPU
	EndGlobalSection
	GlobalSection(NestedProjects) = preSolution
		{EE35FEDD-3C80-4667-A4DD-E4802A0BC166} = {26103E2C-5D8A-4D1B-BEF9-D4EB858703D5}
		{407564C0-5C0A-4A23-9A29-254D46B465CA} = {78B0FE68-D5C2-4B42-907B-78BAB72A22F0}
		{E0B49235-5954-41AB-9690-749EEAE6AC55} = {78B0FE68-D5C2-4B42-907B-78BAB72A22F0}
		{A6F5C5FD-F52E-4AF1-97AA-BEDE3C71C50A} = {78B0FE68-D5C2-4B42-907B-78BAB72A22F0}
		{559D3578-9024-43C5-8CFC-8BAF91F4A4C9} = {26103E2C-5D8A-4D1B-BEF9-D4EB858703D5}
		{E6DA2D88-D15C-476A-804F-A4664944ECB7} = {BCED2B41-B20F-48B6-A6DC-1AA7569037A1}
	EndGlobalSection
EndGlobal
